
Microsoft Visual Studio Solution File, Format Version 12.00
# Visual Studio Version 17
VisualStudioVersion = 17.10.35013.160
MinimumVisualStudioVersion = 10.0.40219.1
Project("{FAE04EC0-301F-11D3-BF4B-00C04F79EFBC}") = "29.06.2024", "29.06.2024\29.06.2024.csproj", "{609196D8-9A27-4DE2-BFC2-00D10856D61C}"
EndProject
Global
	GlobalSection(SolutionConfigurationPlatforms) = preSolution
		Debug|Any CPU = Debug|Any CPU
		Release|Any CPU = Release|Any CPU
	EndGlobalSection
	GlobalSection(ProjectConfigurationPlatforms) = postSolution
		{609196D8-9A27-4DE2-BFC2-00D10856D61C}.Debug|Any CPU.ActiveCfg = Debug|Any CPU
		{609196D8-9A27-4DE2-BFC2-00D10856D61C}.Debug|Any CPU.Build.0 = Debug|Any CPU
		{609196D8-9A27-4DE2-BFC2-00D10856D61C}.Release|Any CPU.ActiveCfg = Release|Any CPU
		{609196D8-9A27-4DE2-BFC2-00D10856D61C}.Release|Any CPU.Build.0 = Release|Any CPU
	EndGlobalSection
	GlobalSection(SolutionProperties) = preSolution
		HideSolutionNode = FALSE
	EndGlobalSection
	GlobalSection(ExtensibilityGlobals) = postSolution
		SolutionGuid = {F112DB14-8F9F-4780-85D4-B8D222E658F9}
	EndGlobalSection
EndGlobal
