
Microsoft Visual Studio Solution File, Format Version 12.00
# Visual Studio Version 17
VisualStudioVersion = 17.10.35013.160
MinimumVisualStudioVersion = 10.0.40219.1
Project("{FAE04EC0-301F-11D3-BF4B-00C04F79EFBC}") = "01.07.2024", "01.07.2024\01.07.2024.csproj", "{BD9BA011-B457-45DC-818A-D241B648D440}"
EndProject
Global
	GlobalSection(SolutionConfigurationPlatforms) = preSolution
		Debug|Any CPU = Debug|Any CPU
		Release|Any CPU = Release|Any CPU
	EndGlobalSection
	GlobalSection(ProjectConfigurationPlatforms) = postSolution
		{BD9BA011-B457-45DC-818A-D241B648D440}.Debug|Any CPU.ActiveCfg = Debug|Any CPU
		{BD9BA011-B457-45DC-818A-D241B648D440}.Debug|Any CPU.Build.0 = Debug|Any CPU
		{BD9BA011-B457-45DC-818A-D241B648D440}.Release|Any CPU.ActiveCfg = Release|Any CPU
		{BD9BA011-B457-45DC-818A-D241B648D440}.Release|Any CPU.Build.0 = Release|Any CPU
	EndGlobalSection
	GlobalSection(SolutionProperties) = preSolution
		HideSolutionNode = FALSE
	EndGlobalSection
	GlobalSection(ExtensibilityGlobals) = postSolution
		SolutionGuid = {D5FA2E96-B0F8-474D-A4E9-020A3E210FDE}
	EndGlobalSection
EndGlobal
